// !$*UTF8*$!
{
	archiveVersion = 1;
	classes = {
	};
	objectVersion = 56;
	objects = {

/* Begin PBXBuildFile section */
		037800A82B64DB74008F1E75 /* Constant.swift in Sources */ = {isa = PBXBuildFile; fileRef = 037800A72B64DB74008F1E75 /* Constant.swift */; };
		037800AA2B651843008F1E75 /* ProductListVC.swift in Sources */ = {isa = PBXBuildFile; fileRef = 037800A92B651843008F1E75 /* ProductListVC.swift */; };
		037800AC2B651ABF008F1E75 /* ProductViewModel.swift in Sources */ = {isa = PBXBuildFile; fileRef = 037800AB2B651ABF008F1E75 /* ProductViewModel.swift */; };
		037800AF2B65497A008F1E75 /* ProductCell.swift in Sources */ = {isa = PBXBuildFile; fileRef = 037800AD2B65497A008F1E75 /* ProductCell.swift */; };
		037800B02B65497A008F1E75 /* ProductCell.xib in Resources */ = {isa = PBXBuildFile; fileRef = 037800AE2B65497A008F1E75 /* ProductCell.xib */; };
		037800B32B656DF7008F1E75 /* Kingfisher in Frameworks */ = {isa = PBXBuildFile; productRef = 037800B22B656DF7008F1E75 /* Kingfisher */; };
		037800B52B656F49008F1E75 /* UIImageView + Extension.swift in Sources */ = {isa = PBXBuildFile; fileRef = 037800B42B656F49008F1E75 /* UIImageView + Extension.swift */; };
		0390C3872B63F36D000FE32E /* AppDelegate.swift in Sources */ = {isa = PBXBuildFile; fileRef = 0390C3862B63F36D000FE32E /* AppDelegate.swift */; };
		0390C3892B63F36D000FE32E /* SceneDelegate.swift in Sources */ = {isa = PBXBuildFile; fileRef = 0390C3882B63F36D000FE32E /* SceneDelegate.swift */; };
		0390C38E2B63F36D000FE32E /* Main.storyboard in Resources */ = {isa = PBXBuildFile; fileRef = 0390C38C2B63F36D000FE32E /* Main.storyboard */; };
		0390C3902B63F36F000FE32E /* Assets.xcassets in Resources */ = {isa = PBXBuildFile; fileRef = 0390C38F2B63F36F000FE32E /* Assets.xcassets */; };
		0390C3932B63F36F000FE32E /* LaunchScreen.storyboard in Resources */ = {isa = PBXBuildFile; fileRef = 0390C3912B63F36F000FE32E /* LaunchScreen.storyboard */; };
		0390C3A62B641BEB000FE32E /* Product.swift in Sources */ = {isa = PBXBuildFile; fileRef = 0390C3A52B641BEB000FE32E /* Product.swift */; };
		0390C3A82B641D72000FE32E /* APIManager.swift in Sources */ = {isa = PBXBuildFile; fileRef = 0390C3A72B641D72000FE32E /* APIManager.swift */; };
		03E6435B2B6624D4009BEEE7 /* EndPointType.swift in Sources */ = {isa = PBXBuildFile; fileRef = 03E6435A2B6624D4009BEEE7 /* EndPointType.swift */; };
/* End PBXBuildFile section */

/* Begin PBXFileReference section */
		037800A72B64DB74008F1E75 /* Constant.swift */ = {isa = PBXFileReference; lastKnownFileType = sourcecode.swift; path = Constant.swift; sourceTree = "<group>"; };
		037800A92B651843008F1E75 /* ProductListVC.swift */ = {isa = PBXFileReference; lastKnownFileType = sourcecode.swift; path = ProductListVC.swift; sourceTree = "<group>"; };
		037800AB2B651ABF008F1E75 /* ProductViewModel.swift */ = {isa = PBXFileReference; lastKnownFileType = sourcecode.swift; path = ProductViewModel.swift; sourceTree = "<group>"; };
		037800AD2B65497A008F1E75 /* ProductCell.swift */ = {isa = PBXFileReference; lastKnownFileType = sourcecode.swift; path = ProductCell.swift; sourceTree = "<group>"; };
		037800AE2B65497A008F1E75 /* ProductCell.xib */ = {isa = PBXFileReference; lastKnownFileType = file.xib; path = ProductCell.xib; sourceTree = "<group>"; };
		037800B42B656F49008F1E75 /* UIImageView + Extension.swift */ = {isa = PBXFileReference; lastKnownFileType = sourcecode.swift; path = "UIImageView + Extension.swift"; sourceTree = "<group>"; };
		0390C3832B63F36D000FE32E /* ProductProject.app */ = {isa = PBXFileReference; explicitFileType = wrapper.application; includeInIndex = 0; path = ProductProject.app; sourceTree = BUILT_PRODUCTS_DIR; };
		0390C3862B63F36D000FE32E /* AppDelegate.swift */ = {isa = PBXFileReference; lastKnownFileType = sourcecode.swift; path = AppDelegate.swift; sourceTree = "<group>"; };
		0390C3882B63F36D000FE32E /* SceneDelegate.swift */ = {isa = PBXFileReference; lastKnownFileType = sourcecode.swift; path = SceneDelegate.swift; sourceTree = "<group>"; };
		0390C38D2B63F36D000FE32E /* Base */ = {isa = PBXFileReference; lastKnownFileType = file.storyboard; name = Base; path = Base.lproj/Main.storyboard; sourceTree = "<group>"; };
		0390C38F2B63F36F000FE32E /* Assets.xcassets */ = {isa = PBXFileReference; lastKnownFileType = folder.assetcatalog; path = Assets.xcassets; sourceTree = "<group>"; };
		0390C3922B63F36F000FE32E /* Base */ = {isa = PBXFileReference; lastKnownFileType = file.storyboard; name = Base; path = Base.lproj/LaunchScreen.storyboard; sourceTree = "<group>"; };
		0390C3942B63F36F000FE32E /* Info.plist */ = {isa = PBXFileReference; lastKnownFileType = text.plist.xml; path = Info.plist; sourceTree = "<group>"; };
		0390C3A52B641BEB000FE32E /* Product.swift */ = {isa = PBXFileReference; lastKnownFileType = sourcecode.swift; path = Product.swift; sourceTree = "<group>"; };
		0390C3A72B641D72000FE32E /* APIManager.swift */ = {isa = PBXFileReference; lastKnownFileType = sourcecode.swift; path = APIManager.swift; sourceTree = "<group>"; };
		03E6435A2B6624D4009BEEE7 /* EndPointType.swift */ = {isa = PBXFileReference; lastKnownFileType = sourcecode.swift; path = EndPointType.swift; sourceTree = "<group>"; };
/* End PBXFileReference section */

/* Begin PBXFrameworksBuildPhase section */
		0390C3802B63F36D000FE32E /* Frameworks */ = {
			isa = PBXFrameworksBuildPhase;
			buildActionMask = 2147483647;
			files = (
				037800B32B656DF7008F1E75 /* Kingfisher in Frameworks */,
			);
			runOnlyForDeploymentPostprocessing = 0;
		};
/* End PBXFrameworksBuildPhase section */

/* Begin PBXGroup section */
		0390C37A2B63F36D000FE32E = {
			isa = PBXGroup;
			children = (
				0390C3852B63F36D000FE32E /* ProductProject */,
				0390C3842B63F36D000FE32E /* Products */,
			);
			sourceTree = "<group>";
		};
		0390C3842B63F36D000FE32E /* Products */ = {
			isa = PBXGroup;
			children = (
				0390C3832B63F36D000FE32E /* ProductProject.app */,
			);
			name = Products;
			sourceTree = "<group>";
		};
		0390C3852B63F36D000FE32E /* ProductProject */ = {
			isa = PBXGroup;
			children = (
				0390C39A2B63F393000FE32E /* Application */,
				0390C39B2B63F3A3000FE32E /* Constant */,
				0390C3A02B63F3DE000FE32E /* Extensions */,
				03E643592B662458009BEEE7 /* Utility */,
				0390C39F2B63F3D8000FE32E /* Helper */,
				0390C39E2B63F3D2000FE32E /* Screens */,
				0390C39D2B63F3C3000FE32E /* Storyboard */,
				0390C39C2B63F3B9000FE32E /* Resources */,
				0390C3942B63F36F000FE32E /* Info.plist */,
			);
			path = ProductProject;
			sourceTree = "<group>";
		};
		0390C39A2B63F393000FE32E /* Application */ = {
			isa = PBXGroup;
			children = (
				0390C3862B63F36D000FE32E /* AppDelegate.swift */,
				0390C3882B63F36D000FE32E /* SceneDelegate.swift */,
			);
			path = Application;
			sourceTree = "<group>";
		};
		0390C39B2B63F3A3000FE32E /* Constant */ = {
			isa = PBXGroup;
			children = (
				037800A72B64DB74008F1E75 /* Constant.swift */,
			);
			path = Constant;
			sourceTree = "<group>";
		};
		0390C39C2B63F3B9000FE32E /* Resources */ = {
			isa = PBXGroup;
			children = (
				0390C38F2B63F36F000FE32E /* Assets.xcassets */,
			);
			path = Resources;
			sourceTree = "<group>";
		};
		0390C39D2B63F3C3000FE32E /* Storyboard */ = {
			isa = PBXGroup;
			children = (
				0390C38C2B63F36D000FE32E /* Main.storyboard */,
				0390C3912B63F36F000FE32E /* LaunchScreen.storyboard */,
			);
			path = Storyboard;
			sourceTree = "<group>";
		};
		0390C39E2B63F3D2000FE32E /* Screens */ = {
			isa = PBXGroup;
			children = (
				0390C3A12B640858000FE32E /* Product */,
			);
			path = Screens;
			sourceTree = "<group>";
		};
		0390C39F2B63F3D8000FE32E /* Helper */ = {
			isa = PBXGroup;
			children = (
				0390C3A72B641D72000FE32E /* APIManager.swift */,
			);
			path = Helper;
			sourceTree = "<group>";
		};
		0390C3A02B63F3DE000FE32E /* Extensions */ = {
			isa = PBXGroup;
			children = (
				037800B42B656F49008F1E75 /* UIImageView + Extension.swift */,
			);
			path = Extensions;
			sourceTree = "<group>";
		};
		0390C3A12B640858000FE32E /* Product */ = {
			isa = PBXGroup;
			children = (
				0390C3A42B64088C000FE32E /* Model */,
				0390C3A32B640886000FE32E /* View */,
				0390C3A22B640881000FE32E /* ViewModel */,
			);
			path = Product;
			sourceTree = "<group>";
		};
		0390C3A22B640881000FE32E /* ViewModel */ = {
			isa = PBXGroup;
			children = (
				037800AB2B651ABF008F1E75 /* ProductViewModel.swift */,
			);
			path = ViewModel;
			sourceTree = "<group>";
		};
		0390C3A32B640886000FE32E /* View */ = {
			isa = PBXGroup;
			children = (
				037800A92B651843008F1E75 /* ProductListVC.swift */,
				037800AD2B65497A008F1E75 /* ProductCell.swift */,
				037800AE2B65497A008F1E75 /* ProductCell.xib */,
			);
			path = View;
			sourceTree = "<group>";
		};
		0390C3A42B64088C000FE32E /* Model */ = {
			isa = PBXGroup;
			children = (
				0390C3A52B641BEB000FE32E /* Product.swift */,
			);
			path = Model;
			sourceTree = "<group>";
		};
		03E643592B662458009BEEE7 /* Utility */ = {
			isa = PBXGroup;
			children = (
				03E6435A2B6624D4009BEEE7 /* EndPointType.swift */,
			);
			path = Utility;
			sourceTree = "<group>";
		};
/* End PBXGroup section */

/* Begin PBXNativeTarget section */
		0390C3822B63F36D000FE32E /* ProductProject */ = {
			isa = PBXNativeTarget;
			buildConfigurationList = 0390C3972B63F36F000FE32E /* Build configuration list for PBXNativeTarget "ProductProject" */;
			buildPhases = (
				0390C37F2B63F36D000FE32E /* Sources */,
				0390C3802B63F36D000FE32E /* Frameworks */,
				0390C3812B63F36D000FE32E /* Resources */,
			);
			buildRules = (
			);
			dependencies = (
			);
			name = ProductProject;
			packageProductDependencies = (
				037800B22B656DF7008F1E75 /* Kingfisher */,
			);
			productName = ProductProject;
			productReference = 0390C3832B63F36D000FE32E /* ProductProject.app */;
			productType = "com.apple.product-type.application";
		};
/* End PBXNativeTarget section */

/* Begin PBXProject section */
		0390C37B2B63F36D000FE32E /* Project object */ = {
			isa = PBXProject;
			attributes = {
				BuildIndependentTargetsInParallel = 1;
				LastSwiftUpdateCheck = 1500;
				LastUpgradeCheck = 1500;
				TargetAttributes = {
					0390C3822B63F36D000FE32E = {
						CreatedOnToolsVersion = 15.0;
					};
				};
			};
			buildConfigurationList = 0390C37E2B63F36D000FE32E /* Build configuration list for PBXProject "ProductProject" */;
			compatibilityVersion = "Xcode 14.0";
			developmentRegion = en;
			hasScannedForEncodings = 0;
			knownRegions = (
				en,
				Base,
			);
			mainGroup = 0390C37A2B63F36D000FE32E;
			packageReferences = (
				037800B12B656DF7008F1E75 /* XCRemoteSwiftPackageReference "Kingfisher" */,
			);
			productRefGroup = 0390C3842B63F36D000FE32E /* Products */;
			projectDirPath = "";
			projectRoot = "";
			targets = (
				0390C3822B63F36D000FE32E /* ProductProject */,
			);
		};
/* End PBXProject section */

/* Begin PBXResourcesBuildPhase section */
		0390C3812B63F36D000FE32E /* Resources */ = {
			isa = PBXResourcesBuildPhase;
			buildActionMask = 2147483647;
			files = (
				0390C3932B63F36F000FE32E /* LaunchScreen.storyboard in Resources */,
				037800B02B65497A008F1E75 /* ProductCell.xib in Resources */,
				0390C3902B63F36F000FE32E /* Assets.xcassets in Resources */,
				0390C38E2B63F36D000FE32E /* Main.storyboard in Resources */,
			);
			runOnlyForDeploymentPostprocessing = 0;
		};
/* End PBXResourcesBuildPhase section */

/* Begin PBXSourcesBuildPhase section */
		0390C37F2B63F36D000FE32E /* Sources */ = {
			isa = PBXSourcesBuildPhase;
			buildActionMask = 2147483647;
			files = (
				037800B52B656F49008F1E75 /* UIImageView + Extension.swift in Sources */,
				0390C3A62B641BEB000FE32E /* Product.swift in Sources */,
				0390C3A82B641D72000FE32E /* APIManager.swift in Sources */,
				0390C3872B63F36D000FE32E /* AppDelegate.swift in Sources */,
				037800AA2B651843008F1E75 /* ProductListVC.swift in Sources */,
				0390C3892B63F36D000FE32E /* SceneDelegate.swift in Sources */,
				037800AF2B65497A008F1E75 /* ProductCell.swift in Sources */,
				037800AC2B651ABF008F1E75 /* ProductViewModel.swift in Sources */,
				03E6435B2B6624D4009BEEE7 /* EndPointType.swift in Sources */,
				037800A82B64DB74008F1E75 /* Constant.swift in Sources */,
			);
			runOnlyForDeploymentPostprocessing = 0;
		};
/* End PBXSourcesBuildPhase section */

/* Begin PBXVariantGroup section */
		0390C38C2B63F36D000FE32E /* Main.storyboard */ = {
			isa = PBXVariantGroup;
			children = (
				0390C38D2B63F36D000FE32E /* Base */,
			);
			name = Main.storyboard;
			sourceTree = "<group>";
		};
		0390C3912B63F36F000FE32E /* LaunchScreen.storyboard */ = {
			isa = PBXVariantGroup;
			children = (
				0390C3922B63F36F000FE32E /* Base */,
			);
			name = LaunchScreen.storyboard;
			sourceTree = "<group>";
		};
/* End PBXVariantGroup section */

/* Begin XCBuildConfiguration section */
		0390C3952B63F36F000FE32E /* Debug */ = {
			isa = XCBuildConfiguration;
			buildSettings = {
				ALWAYS_SEARCH_USER_PATHS = NO;
				ASSETCATALOG_COMPILER_GENERATE_SWIFT_ASSET_SYMBOL_EXTENSIONS = YES;
				CLANG_ANALYZER_NONNULL = YES;
				CLANG_ANALYZER_NUMBER_OBJECT_CONVERSION = YES_AGGRESSIVE;
				CLANG_CXX_LANGUAGE_STANDARD = "gnu++20";
				CLANG_ENABLE_MODULES = YES;
				CLANG_ENABLE_OBJC_ARC = YES;
				CLANG_ENABLE_OBJC_WEAK = YES;
				CLANG_WARN_BLOCK_CAPTURE_AUTORELEASING = YES;
				CLANG_WARN_BOOL_CONVERSION = YES;
				CLANG_WARN_COMMA = YES;
				CLANG_WARN_CONSTANT_CONVERSION = YES;
				CLANG_WARN_DEPRECATED_OBJC_IMPLEMENTATIONS = YES;
				CLANG_WARN_DIRECT_OBJC_ISA_USAGE = YES_ERROR;
				CLANG_WARN_DOCUMENTATION_COMMENTS = YES;
				CLANG_WARN_EMPTY_BODY = YES;
				CLANG_WARN_ENUM_CONVERSION = YES;
				CLANG_WARN_INFINITE_RECURSION = YES;
				CLANG_WARN_INT_CONVERSION = YES;
				CLANG_WARN_NON_LITERAL_NULL_CONVERSION = YES;
				CLANG_WARN_OBJC_IMPLICIT_RETAIN_SELF = YES;
				CLANG_WARN_OBJC_LITERAL_CONVERSION = YES;
				CLANG_WARN_OBJC_ROOT_CLASS = YES_ERROR;
				CLANG_WARN_QUOTED_INCLUDE_IN_FRAMEWORK_HEADER = YES;
				CLANG_WARN_RANGE_LOOP_ANALYSIS = YES;
				CLANG_WARN_STRICT_PROTOTYPES = YES;
				CLANG_WARN_SUSPICIOUS_MOVE = YES;
				CLANG_WARN_UNGUARDED_AVAILABILITY = YES_AGGRESSIVE;
				CLANG_WARN_UNREACHABLE_CODE = YES;
				CLANG_WARN__DUPLICATE_METHOD_MATCH = YES;
				COPY_PHASE_STRIP = NO;
				DEBUG_INFORMATION_FORMAT = dwarf;
				ENABLE_STRICT_OBJC_MSGSEND = YES;
				ENABLE_TESTABILITY = YES;
				ENABLE_USER_SCRIPT_SANDBOXING = YES;
				GCC_C_LANGUAGE_STANDARD = gnu17;
				GCC_DYNAMIC_NO_PIC = NO;
				GCC_NO_COMMON_BLOCKS = YES;
				GCC_OPTIMIZATION_LEVEL = 0;
				GCC_PREPROCESSOR_DEFINITIONS = (
					"DEBUG=1",
					"$(inherited)",
				);
				GCC_WARN_64_TO_32_BIT_CONVERSION = YES;
				GCC_WARN_ABOUT_RETURN_TYPE = YES_ERROR;
				GCC_WARN_UNDECLARED_SELECTOR = YES;
				GCC_WARN_UNINITIALIZED_AUTOS = YES_AGGRESSIVE;
				GCC_WARN_UNUSED_FUNCTION = YES;
				GCC_WARN_UNUSED_VARIABLE = YES;
				IPHONEOS_DEPLOYMENT_TARGET = 17.0;
				LOCALIZATION_PREFERS_STRING_CATALOGS = YES;
				MTL_ENABLE_DEBUG_INFO = INCLUDE_SOURCE;
				MTL_FAST_MATH = YES;
				ONLY_ACTIVE_ARCH = YES;
				SDKROOT = iphoneos;
				SWIFT_ACTIVE_COMPILATION_CONDITIONS = "DEBUG $(inherited)";
				SWIFT_OPTIMIZATION_LEVEL = "-Onone";
			};
			name = Debug;
		};
		0390C3962B63F36F000FE32E /* Release */ = {
			isa = XCBuildConfiguration;
			buildSettings = {
				ALWAYS_SEARCH_USER_PATHS = NO;
				ASSETCATALOG_COMPILER_GENERATE_SWIFT_ASSET_SYMBOL_EXTENSIONS = YES;
				CLANG_ANALYZER_NONNULL = YES;
				CLANG_ANALYZER_NUMBER_OBJECT_CONVERSION = YES_AGGRESSIVE;
				CLANG_CXX_LANGUAGE_STANDARD = "gnu++20";
				CLANG_ENABLE_MODULES = YES;
				CLANG_ENABLE_OBJC_ARC = YES;
				CLANG_ENABLE_OBJC_WEAK = YES;
				CLANG_WARN_BLOCK_CAPTURE_AUTORELEASING = YES;
				CLANG_WARN_BOOL_CONVERSION = YES;
				CLANG_WARN_COMMA = YES;
				CLANG_WARN_CONSTANT_CONVERSION = YES;
				CLANG_WARN_DEPRECATED_OBJC_IMPLEMENTATIONS = YES;
				CLANG_WARN_DIRECT_OBJC_ISA_USAGE = YES_ERROR;
				CLANG_WARN_DOCUMENTATION_COMMENTS = YES;
				CLANG_WARN_EMPTY_BODY = YES;
				CLANG_WARN_ENUM_CONVERSION = YES;
				CLANG_WARN_INFINITE_RECURSION = YES;
				CLANG_WARN_INT_CONVERSION = YES;
				CLANG_WARN_NON_LITERAL_NULL_CONVERSION = YES;
				CLANG_WARN_OBJC_IMPLICIT_RETAIN_SELF = YES;
				CLANG_WARN_OBJC_LITERAL_CONVERSION = YES;
				CLANG_WARN_OBJC_ROOT_CLASS = YES_ERROR;
				CLANG_WARN_QUOTED_INCLUDE_IN_FRAMEWORK_HEADER = YES;
				CLANG_WARN_RANGE_LOOP_ANALYSIS = YES;
				CLANG_WARN_STRICT_PROTOTYPES = YES;
				CLANG_WARN_SUSPICIOUS_MOVE = YES;
				CLANG_WARN_UNGUARDED_AVAILABILITY = YES_AGGRESSIVE;
				CLANG_WARN_UNREACHABLE_CODE = YES;
				CLANG_WARN__DUPLICATE_METHOD_MATCH = YES;
				COPY_PHASE_STRIP = NO;
				DEBUG_INFORMATION_FORMAT = "dwarf-with-dsym";
				ENABLE_NS_ASSERTIONS = NO;
				ENABLE_STRICT_OBJC_MSGSEND = YES;
				ENABLE_USER_SCRIPT_SANDBOXING = YES;
				GCC_C_LANGUAGE_STANDARD = gnu17;
				GCC_NO_COMMON_BLOCKS = YES;
				GCC_WARN_64_TO_32_BIT_CONVERSION = YES;
				GCC_WARN_ABOUT_RETURN_TYPE = YES_ERROR;
				GCC_WARN_UNDECLARED_SELECTOR = YES;
				GCC_WARN_UNINITIALIZED_AUTOS = YES_AGGRESSIVE;
				GCC_WARN_UNUSED_FUNCTION = YES;
				GCC_WARN_UNUSED_VARIABLE = YES;
				IPHONEOS_DEPLOYMENT_TARGET = 17.0;
				LOCALIZATION_PREFERS_STRING_CATALOGS = YES;
				MTL_ENABLE_DEBUG_INFO = NO;
				MTL_FAST_MATH = YES;
				SDKROOT = iphoneos;
				SWIFT_COMPILATION_MODE = wholemodule;
				VALIDATE_PRODUCT = YES;
			};
			name = Release;
		};
		0390C3982B63F36F000FE32E /* Debug */ = {
			isa = XCBuildConfiguration;
			buildSettings = {
				ASSETCATALOG_COMPILER_APPICON_NAME = AppIcon;
				ASSETCATALOG_COMPILER_GLOBAL_ACCENT_COLOR_NAME = AccentColor;
				CODE_SIGN_STYLE = Automatic;
				CURRENT_PROJECT_VERSION = 1;
				DEVELOPMENT_TEAM = LG326N5GCW;
				GENERATE_INFOPLIST_FILE = YES;
				INFOPLIST_FILE = ProductProject/Info.plist;
				INFOPLIST_KEY_UIApplicationSupportsIndirectInputEvents = YES;
				INFOPLIST_KEY_UILaunchStoryboardName = LaunchScreen;
				INFOPLIST_KEY_UIMainStoryboardFile = Main;
				INFOPLIST_KEY_UISupportedInterfaceOrientations_iPad = "UIInterfaceOrientationPortrait UIInterfaceOrientationPortraitUpsideDown UIInterfaceOrientationLandscapeLeft UIInterfaceOrientationLandscapeRight";
				INFOPLIST_KEY_UISupportedInterfaceOrientations_iPhone = "UIInterfaceOrientationPortrait UIInterfaceOrientationLandscapeLeft UIInterfaceOrientationLandscapeRight";
				LD_RUNPATH_SEARCH_PATHS = (
					"$(inherited)",
					"@executable_path/Frameworks",
				);
				MARKETING_VERSION = 1.0;
				PRODUCT_BUNDLE_IDENTIFIER = com.demo.ProductProject;
				PRODUCT_NAME = "$(TARGET_NAME)";
				SWIFT_EMIT_LOC_STRINGS = YES;
				SWIFT_VERSION = 5.0;
				TARGETED_DEVICE_FAMILY = "1,2";
			};
			name = Debug;
		};
		0390C3992B63F36F000FE32E /* Release */ = {
			isa = XCBuildConfiguration;
			buildSettings = {
				ASSETCATALOG_COMPILER_APPICON_NAME = AppIcon;
				ASSETCATALOG_COMPILER_GLOBAL_ACCENT_COLOR_NAME = AccentColor;
				CODE_SIGN_STYLE = Automatic;
				CURRENT_PROJECT_VERSION = 1;
				DEVELOPMENT_TEAM = LG326N5GCW;
				GENERATE_INFOPLIST_FILE = YES;
				INFOPLIST_FILE = ProductProject/Info.plist;
				INFOPLIST_KEY_UIApplicationSupportsIndirectInputEvents = YES;
				INFOPLIST_KEY_UILaunchStoryboardName = LaunchScreen;
				INFOPLIST_KEY_UIMainStoryboardFile = Main;
				INFOPLIST_KEY_UISupportedInterfaceOrientations_iPad = "UIInterfaceOrientationPortrait UIInterfaceOrientationPortraitUpsideDown UIInterfaceOrientationLandscapeLeft UIInterfaceOrientationLandscapeRight";
				INFOPLIST_KEY_UISupportedInterfaceOrientations_iPhone = "UIInterfaceOrientationPortrait UIInterfaceOrientationLandscapeLeft UIInterfaceOrientationLandscapeRight";
				LD_RUNPATH_SEARCH_PATHS = (
					"$(inherited)",
					"@executable_path/Frameworks",
				);
				MARKETING_VERSION = 1.0;
				PRODUCT_BUNDLE_IDENTIFIER = com.demo.ProductProject;
				PRODUCT_NAME = "$(TARGET_NAME)";
				SWIFT_EMIT_LOC_STRINGS = YES;
				SWIFT_VERSION = 5.0;
				TARGETED_DEVICE_FAMILY = "1,2";
			};
			name = Release;
		};
/* End XCBuildConfiguration section */

/* Begin XCConfigurationList section */
		0390C37E2B63F36D000FE32E /* Build configuration list for PBXProject "ProductProject" */ = {
			isa = XCConfigurationList;
			buildConfigurations = (
				0390C3952B63F36F000FE32E /* Debug */,
				0390C3962B63F36F000FE32E /* Release */,
			);
			defaultConfigurationIsVisible = 0;
			defaultConfigurationName = Release;
		};
		0390C3972B63F36F000FE32E /* Build configuration list for PBXNativeTarget "ProductProject" */ = {
			isa = XCConfigurationList;
			buildConfigurations = (
				0390C3982B63F36F000FE32E /* Debug */,
				0390C3992B63F36F000FE32E /* Release */,
			);
			defaultConfigurationIsVisible = 0;
			defaultConfigurationName = Release;
		};
/* End XCConfigurationList section */

/* Begin XCRemoteSwiftPackageReference section */
		037800B12B656DF7008F1E75 /* XCRemoteSwiftPackageReference "Kingfisher" */ = {
			isa = XCRemoteSwiftPackageReference;
			repositoryURL = "https://github.com/onevcat/Kingfisher.git";
			requirement = {
				kind = upToNextMajorVersion;
				minimumVersion = 7.0.0;
			};
		};
/* End XCRemoteSwiftPackageReference section */

/* Begin XCSwiftPackageProductDependency section */
		037800B22B656DF7008F1E75 /* Kingfisher */ = {
			isa = XCSwiftPackageProductDependency;
			package = 037800B12B656DF7008F1E75 /* XCRemoteSwiftPackageReference "Kingfisher" */;
			productName = Kingfisher;
		};
/* End XCSwiftPackageProductDependency section */
	};
	rootObject = 0390C37B2B63F36D000FE32E /* Project object */;
}
